
Microsoft Visual Studio Solution File, Format Version 12.00
# Visual Studio Version 16
VisualStudioVersion = 16.0.30011.22
MinimumVisualStudioVersion = 10.0.40219.1
Project("{FAE04EC0-301F-11D3-BF4B-00C04F79EFBC}") = "SimpleSmtpClient", "SimpleSmtpClient.csproj", "{274FB9C5-51C7-4545-A796-F20CB0ADC08F}"
EndProject
Global
	GlobalSection(SolutionConfigurationPlatforms) = preSolution
		Debug|Any CPU = Debug|Any CPU
		Release|Any CPU = Release|Any CPU
	EndGlobalSection
	GlobalSection(ProjectConfigurationPlatforms) = postSolution
		{274FB9C5-51C7-4545-A796-F20CB0ADC08F}.Debug|Any CPU.ActiveCfg = Debug|Any CPU
		{274FB9C5-51C7-4545-A796-F20CB0ADC08F}.Debug|Any CPU.Build.0 = Debug|Any CPU
		{274FB9C5-51C7-4545-A796-F20CB0ADC08F}.Release|Any CPU.ActiveCfg = Release|Any CPU
		{274FB9C5-51C7-4545-A796-F20CB0ADC08F}.Release|Any CPU.Build.0 = Release|Any CPU
	EndGlobalSection
	GlobalSection(SolutionProperties) = preSolution
		HideSolutionNode = FALSE
	EndGlobalSection
	GlobalSection(ExtensibilityGlobals) = postSolution
		SolutionGuid = {79B61621-F6E4-4049-B995-917E16FB6ED4}
	EndGlobalSection
EndGlobal
